
Microsoft Visual Studio Solution File, Format Version 12.00
# Visual Studio Version 16
VisualStudioVersion = 16.0.30717.126
MinimumVisualStudioVersion = 10.0.40219.1
Project("{9A19103F-16F7-4668-BE54-9A1E7A4F7556}") = "SimpleStore.ConsoleUI", "SimpleStore.ConsoleUI\SimpleStore.ConsoleUI.csproj", "{C6DF1B88-9CFC-4902-B07D-2F727AC5C20C}"
EndProject
Project("{9A19103F-16F7-4668-BE54-9A1E7A4F7556}") = "SimpleStore.DataAccessLayer", "SimpleStore.DataAccessLayer\SimpleStore.DataAccessLayer.csproj", "{9CE2D0D3-8AA7-40BC-8FBA-122C66D8AFB5}"
EndProject
Project("{9A19103F-16F7-4668-BE54-9A1E7A4F7556}") = "SimpleStore.Domain", "SimpleStore.Domain\SimpleStore.Domain.csproj", "{63FC9EC8-DFF3-4051-B95B-4355B16F8B94}"
EndProject
Project("{9A19103F-16F7-4668-BE54-9A1E7A4F7556}") = "SimpleStore.MenuManager", "SimpleStore.MenuManager\SimpleStore.MenuManager.csproj", "{91098592-CCB9-402E-9213-5798303CE179}"
EndProject
Project("{9A19103F-16F7-4668-BE54-9A1E7A4F7556}") = "SimpleStore.ConsoleUIFrame", "SimpleStore.ConsoleUIFrame\SimpleStore.ConsoleUIFrame.csproj", "{C5764BE6-A5F9-40F5-A95C-D62762630622}"
EndProject
Global
	GlobalSection(SolutionConfigurationPlatforms) = preSolution
		Debug|Any CPU = Debug|Any CPU
		Release|Any CPU = Release|Any CPU
	EndGlobalSection
	GlobalSection(ProjectConfigurationPlatforms) = postSolution
		{C6DF1B88-9CFC-4902-B07D-2F727AC5C20C}.Debug|Any CPU.ActiveCfg = Debug|Any CPU
		{C6DF1B88-9CFC-4902-B07D-2F727AC5C20C}.Debug|Any CPU.Build.0 = Debug|Any CPU
		{C6DF1B88-9CFC-4902-B07D-2F727AC5C20C}.Release|Any CPU.ActiveCfg = Release|Any CPU
		{C6DF1B88-9CFC-4902-B07D-2F727AC5C20C}.Release|Any CPU.Build.0 = Release|Any CPU
		{9CE2D0D3-8AA7-40BC-8FBA-122C66D8AFB5}.Debug|Any CPU.ActiveCfg = Debug|Any CPU
		{9CE2D0D3-8AA7-40BC-8FBA-122C66D8AFB5}.Debug|Any CPU.Build.0 = Debug|Any CPU
		{9CE2D0D3-8AA7-40BC-8FBA-122C66D8AFB5}.Release|Any CPU.ActiveCfg = Release|Any CPU
		{9CE2D0D3-8AA7-40BC-8FBA-122C66D8AFB5}.Release|Any CPU.Build.0 = Release|Any CPU
		{63FC9EC8-DFF3-4051-B95B-4355B16F8B94}.Debug|Any CPU.ActiveCfg = Debug|Any CPU
		{63FC9EC8-DFF3-4051-B95B-4355B16F8B94}.Debug|Any CPU.Build.0 = Debug|Any CPU
		{63FC9EC8-DFF3-4051-B95B-4355B16F8B94}.Release|Any CPU.ActiveCfg = Release|Any CPU
		{63FC9EC8-DFF3-4051-B95B-4355B16F8B94}.Release|Any CPU.Build.0 = Release|Any CPU
		{91098592-CCB9-402E-9213-5798303CE179}.Debug|Any CPU.ActiveCfg = Debug|Any CPU
		{91098592-CCB9-402E-9213-5798303CE179}.Debug|Any CPU.Build.0 = Debug|Any CPU
		{91098592-CCB9-402E-9213-5798303CE179}.Release|Any CPU.ActiveCfg = Release|Any CPU
		{91098592-CCB9-402E-9213-5798303CE179}.Release|Any CPU.Build.0 = Release|Any CPU
		{C5764BE6-A5F9-40F5-A95C-D62762630622}.Debug|Any CPU.ActiveCfg = Debug|Any CPU
		{C5764BE6-A5F9-40F5-A95C-D62762630622}.Debug|Any CPU.Build.0 = Debug|Any CPU
		{C5764BE6-A5F9-40F5-A95C-D62762630622}.Release|Any CPU.ActiveCfg = Release|Any CPU
		{C5764BE6-A5F9-40F5-A95C-D62762630622}.Release|Any CPU.Build.0 = Release|Any CPU
	EndGlobalSection
	GlobalSection(SolutionProperties) = preSolution
		HideSolutionNode = FALSE
	EndGlobalSection
	GlobalSection(ExtensibilityGlobals) = postSolution
		SolutionGuid = {C7EF2FA1-7BCD-4E9A-96C5-D988196C26F0}
	EndGlobalSection
EndGlobal
